<?xml version="1.0" encoding="utf-8"?>
<Project ToolsVersion="4.0" xmlns="http://schemas.microsoft.com/developer/msbuild/2003">
  <ItemGroup>
    <Filter Include="Source Files">
      <UniqueIdentifier>{4FC737F1-C7A5-4376-A066-2A32D752A2FF}</UniqueIdentifier>
      <Extensions>cpp;c;cc;cxx;def;odl;idl;hpj;bat;asm;asmx</Extensions>
    </Filter>
    <Filter Include="Header Files">
      <UniqueIdentifier>{93995380-89BD-4b04-88EB-625FBE52EBFB}</UniqueIdentifier>
      <Extensions>h;hpp;hxx;hm;inl;inc;xsd</Extensions>
    </Filter>
    <Filter Include="Resource Files">
      <UniqueIdentifier>{67DA6AB6-F800-4c08-8B7A-83BB121AAD01}</UniqueIdentifier>
      <Extensions>rc;ico;cur;bmp;dlg;rc2;rct;bin;rgs;gif;jpg;jpeg;jpe;resx;tiff;tif;png;wav;mfcribbon-ms</Extensions>
    </Filter>
    <Filter Include="Syntax">
      <UniqueIdentifier>{bdbdfa7f-6566-495c-bb82-94f579426377}</UniqueIdentifier>
    </Filter>
  </ItemGroup>
  <ItemGroup>
    <Text Include="ReadMe.txt" />
    <Text Include="..\..\files\Assignment2\Syntax\FIRST.txt">
      <Filter>Syntax</Filter>
    </Text>
    <Text Include="..\..\files\Assignment2\Syntax\FIRSTFOLLOW.txt">
      <Filter>Syntax</Filter>
    </Text>
    <Text Include="..\..\files\Assignment2\Syntax\FOLLOW.txt">
      <Filter>Syntax</Filter>
    </Text>
    <Text Include="..\..\files\Assignment2\Syntax\RULLS.txt">
      <Filter>Syntax</Filter>
    </Text>
  </ItemGroup>
  <ItemGroup>
    <ClInclude Include="stdafx.h">
      <Filter>Header Files</Filter>
    </ClInclude>
    <ClInclude Include="targetver.h">
      <Filter>Header Files</Filter>
    </ClInclude>
    <ClInclude Include="userDefinesTypes.h">
      <Filter>Header Files</Filter>
    </ClInclude>
    <ClInclude Include="Scaner.h">
      <Filter>Header Files</Filter>
    </ClInclude>
    <ClInclude Include="TransitionTableRecord.h">
      <Filter>Header Files</Filter>
    </ClInclude>
    <ClInclude Include="Token.h">
      <Filter>Header Files</Filter>
    </ClInclude>
    <ClInclude Include="TokenOperator.h">
      <Filter>Header Files</Filter>
    </ClInclude>
    <ClInclude Include="TokenPunctuation.h">
      <Filter>Header Files</Filter>
    </ClInclude>
    <ClInclude Include="TokenReservedWord.h">
      <Filter>Header Files</Filter>
    </ClInclude>
    <ClInclude Include="TokenERROR.h">
      <Filter>Header Files</Filter>
    </ClInclude>
    <ClInclude Include="TokenNumeric.h">
      <Filter>Header Files</Filter>
    </ClInclude>
    <ClInclude Include="TokenFactory.h">
      <Filter>Header Files</Filter>
    </ClInclude>
    <ClInclude Include="LexicalAnalizer.h">
      <Filter>Header Files</Filter>
    </ClInclude>
    <ClInclude Include="syntaxAnalizer.h">
      <Filter>Header Files</Filter>
    </ClInclude>
    <ClInclude Include="CodeReuseClass.h">
      <Filter>Header Files</Filter>
    </ClInclude>
    <ClInclude Include="SimpleVar.h">
      <Filter>Header Files</Filter>
    </ClInclude>
    <ClInclude Include="ArrayVar.h">
      <Filter>Header Files</Filter>
    </ClInclude>
    <ClInclude Include="FunctionVar.h">
      <Filter>Header Files</Filter>
    </ClInclude>
    <ClInclude Include="Scope.h">
      <Filter>Header Files</Filter>
    </ClInclude>
    <ClInclude Include="ClassVar.h">
      <Filter>Header Files</Filter>
    </ClInclude>
    <ClInclude Include="GlobalVar.h">
      <Filter>Header Files</Filter>
    </ClInclude>
    <ClInclude Include="Factor_.h">
      <Filter>Header Files</Filter>
    </ClInclude>
    <ClInclude Include="Factor_cl.h">
      <Filter>Header Files</Filter>
    </ClInclude>
    <ClInclude Include="Term.h">
      <Filter>Header Files</Filter>
    </ClInclude>
    <ClInclude Include="Term_.h">
      <Filter>Header Files</Filter>
    </ClInclude>
    <ClInclude Include="Expression.h">
      <Filter>Header Files</Filter>
    </ClInclude>
    <ClInclude Include="resource.h">
      <Filter>Header Files</Filter>
    </ClInclude>
    <ClInclude Include="Expression_.h">
      <Filter>Header Files</Filter>
    </ClInclude>
    <ClInclude Include="ArithExpr.h">
      <Filter>Header Files</Filter>
    </ClInclude>
    <ClInclude Include="ArithExpr_.h">
      <Filter>Header Files</Filter>
    </ClInclude>
    <ClInclude Include="Operation.h">
      <Filter>Header Files</Filter>
    </ClInclude>
    <ClInclude Include="ArrayElement.h">
      <Filter>Header Files</Filter>
    </ClInclude>
    <ClInclude Include="StringStack.h">
      <Filter>Header Files</Filter>
    </ClInclude>
    <ClInclude Include="TokenStack.h">
      <Filter>Header Files</Filter>
    </ClInclude>
    <ClInclude Include="SimpleVarStack.h">
      <Filter>Header Files</Filter>
    </ClInclude>
  </ItemGroup>
  <ItemGroup>
    <ClCompile Include="stdafx.cpp">
      <Filter>Source Files</Filter>
    </ClCompile>
    <ClCompile Include="CompilerAssignment1.cpp">
      <Filter>Source Files</Filter>
    </ClCompile>
    <ClCompile Include="Scaner.cpp">
      <Filter>Source Files</Filter>
    </ClCompile>
    <ClCompile Include="TransitionTableRecord.cpp">
      <Filter>Source Files</Filter>
    </ClCompile>
    <ClCompile Include="TokenOperator.cpp">
      <Filter>Source Files</Filter>
    </ClCompile>
    <ClCompile Include="TokenPunctuation.cpp">
      <Filter>Source Files</Filter>
    </ClCompile>
    <ClCompile Include="TokenReservedWord.cpp">
      <Filter>Source Files</Filter>
    </ClCompile>
    <ClCompile Include="Token.cpp">
      <Filter>Source Files</Filter>
    </ClCompile>
    <ClCompile Include="TokenERROR.cpp">
      <Filter>Source Files</Filter>
    </ClCompile>
    <ClCompile Include="TokenNumeric.cpp">
      <Filter>Source Files</Filter>
    </ClCompile>
    <ClCompile Include="TokenFactory.cpp">
      <Filter>Source Files</Filter>
    </ClCompile>
    <ClCompile Include="LexicalAnalizer.cpp">
      <Filter>Source Files</Filter>
    </ClCompile>
    <ClCompile Include="syntaxAnalizer.cpp">
      <Filter>Source Files</Filter>
    </ClCompile>
    <ClCompile Include="CodeReuseClass.cpp">
      <Filter>Source Files</Filter>
    </ClCompile>
    <ClCompile Include="SimpleVar.cpp">
      <Filter>Source Files</Filter>
    </ClCompile>
    <ClCompile Include="ArrayVar.cpp">
      <Filter>Source Files</Filter>
    </ClCompile>
    <ClCompile Include="FunctionVar.cpp">
      <Filter>Source Files</Filter>
    </ClCompile>
    <ClCompile Include="Scope.cpp">
      <Filter>Source Files</Filter>
    </ClCompile>
    <ClCompile Include="ClassVar.cpp">
      <Filter>Source Files</Filter>
    </ClCompile>
    <ClCompile Include="GlobalVar.cpp">
      <Filter>Source Files</Filter>
    </ClCompile>
    <ClCompile Include="Factor_.cpp">
      <Filter>Source Files</Filter>
    </ClCompile>
    <ClCompile Include="Factor_cl.cpp">
      <Filter>Source Files</Filter>
    </ClCompile>
    <ClCompile Include="Term.cpp">
      <Filter>Source Files</Filter>
    </ClCompile>
    <ClCompile Include="Term_.cpp">
      <Filter>Source Files</Filter>
    </ClCompile>
    <ClCompile Include="Expression.cpp">
      <Filter>Source Files</Filter>
    </ClCompile>
    <ClCompile Include="Expression_.cpp">
      <Filter>Source Files</Filter>
    </ClCompile>
    <ClCompile Include="ArithExpr.cpp">
      <Filter>Source Files</Filter>
    </ClCompile>
    <ClCompile Include="ArithExpr_.cpp">
      <Filter>Source Files</Filter>
    </ClCompile>
    <ClCompile Include="Operation.cpp">
      <Filter>Source Files</Filter>
    </ClCompile>
    <ClCompile Include="ArrayElement.cpp">
      <Filter>Source Files</Filter>
    </ClCompile>
    <ClCompile Include="StringStack.cpp">
      <Filter>Source Files</Filter>
    </ClCompile>
    <ClCompile Include="TokenStack.cpp">
      <Filter>Source Files</Filter>
    </ClCompile>
    <ClCompile Include="SimpleVarStack.cpp">
      <Filter>Source Files</Filter>
    </ClCompile>
  </ItemGroup>
  <ItemGroup>
    <ResourceCompile Include="CompilerAssignment4.rc">
      <Filter>Resource Files</Filter>
    </ResourceCompile>
  </ItemGroup>
</Project>